
Microsoft Visual Studio Solution File, Format Version 12.00
# Visual Studio Version 17
VisualStudioVersion = 17.14.36310.24
MinimumVisualStudioVersion = 10.0.40219.1
Project("{FAE04EC0-301F-11D3-BF4B-00C04F79EFBC}") = "Domain", "Domain\Domain.csproj", "{0618B90A-FD84-4CCC-BC98-A0AE514D58A1}"
EndProject
Project("{FAE04EC0-301F-11D3-BF4B-00C04F79EFBC}") = "Application", "Application\Application.csproj", "{E57F9FF0-E7AF-46F5-9AC5-28C8CA4F08DA}"
EndProject
Project("{FAE04EC0-301F-11D3-BF4B-00C04F79EFBC}") = "Infra", "Infra\Infra.csproj", "{05EDDBE7-A4ED-45B0-9DAE-DDC7EB10EDA7}"
EndProject
Project("{FAE04EC0-301F-11D3-BF4B-00C04F79EFBC}") = "API", "API\API.csproj", "{4DDA5C51-7092-460E-BB01-71CEA8FA30F4}"
EndProject
Project("{2150E333-8FDC-42A3-9474-1A3956D46DE8}") = "common", "common", "{02EA681E-C7D8-13C7-8484-4AC65E1B71E8}"
	ProjectSection(SolutionItems) = preProject
		..\..\SaaS Tenant Manager\SaaS Tenant Manager\API\Program.cs = ..\..\SaaS Tenant Manager\SaaS Tenant Manager\API\Program.cs
		..\..\SaaS Tenant Manager\SaaS Tenant Manager\Infra\Contracts Implementation\Service\UserService.cs = ..\..\SaaS Tenant Manager\SaaS Tenant Manager\Infra\Contracts Implementation\Service\UserService.cs
	EndProjectSection
EndProject
Global
	GlobalSection(SolutionConfigurationPlatforms) = preSolution
		Debug|Any CPU = Debug|Any CPU
		Release|Any CPU = Release|Any CPU
	EndGlobalSection
	GlobalSection(ProjectConfigurationPlatforms) = postSolution
		{0618B90A-FD84-4CCC-BC98-A0AE514D58A1}.Debug|Any CPU.ActiveCfg = Debug|Any CPU
		{0618B90A-FD84-4CCC-BC98-A0AE514D58A1}.Debug|Any CPU.Build.0 = Debug|Any CPU
		{0618B90A-FD84-4CCC-BC98-A0AE514D58A1}.Release|Any CPU.ActiveCfg = Release|Any CPU
		{0618B90A-FD84-4CCC-BC98-A0AE514D58A1}.Release|Any CPU.Build.0 = Release|Any CPU
		{E57F9FF0-E7AF-46F5-9AC5-28C8CA4F08DA}.Debug|Any CPU.ActiveCfg = Debug|Any CPU
		{E57F9FF0-E7AF-46F5-9AC5-28C8CA4F08DA}.Debug|Any CPU.Build.0 = Debug|Any CPU
		{E57F9FF0-E7AF-46F5-9AC5-28C8CA4F08DA}.Release|Any CPU.ActiveCfg = Release|Any CPU
		{E57F9FF0-E7AF-46F5-9AC5-28C8CA4F08DA}.Release|Any CPU.Build.0 = Release|Any CPU
		{05EDDBE7-A4ED-45B0-9DAE-DDC7EB10EDA7}.Debug|Any CPU.ActiveCfg = Debug|Any CPU
		{05EDDBE7-A4ED-45B0-9DAE-DDC7EB10EDA7}.Debug|Any CPU.Build.0 = Debug|Any CPU
		{05EDDBE7-A4ED-45B0-9DAE-DDC7EB10EDA7}.Release|Any CPU.ActiveCfg = Release|Any CPU
		{05EDDBE7-A4ED-45B0-9DAE-DDC7EB10EDA7}.Release|Any CPU.Build.0 = Release|Any CPU
		{4DDA5C51-7092-460E-BB01-71CEA8FA30F4}.Debug|Any CPU.ActiveCfg = Debug|Any CPU
		{4DDA5C51-7092-460E-BB01-71CEA8FA30F4}.Debug|Any CPU.Build.0 = Debug|Any CPU
		{4DDA5C51-7092-460E-BB01-71CEA8FA30F4}.Release|Any CPU.ActiveCfg = Release|Any CPU
		{4DDA5C51-7092-460E-BB01-71CEA8FA30F4}.Release|Any CPU.Build.0 = Release|Any CPU
	EndGlobalSection
	GlobalSection(SolutionProperties) = preSolution
		HideSolutionNode = FALSE
	EndGlobalSection
	GlobalSection(ExtensibilityGlobals) = postSolution
		SolutionGuid = {84411B66-736D-4E11-B26D-5FE4A45760C7}
	EndGlobalSection
EndGlobal
